<?xml version="1.0" encoding="utf-8"?>
<Project ToolsVersion="4.0" xmlns="http://schemas.microsoft.com/developer/msbuild/2003">
  <ItemGroup>
    <Filter Include="Source Files">
      <UniqueIdentifier>{4FC737F1-C7A5-4376-A066-2A32D752A2FF}</UniqueIdentifier>
      <Extensions>cpp;c;cc;cxx;def;odl;idl;hpj;bat;asm;asmx</Extensions>
    </Filter>
    <Filter Include="Header Files">
      <UniqueIdentifier>{93995380-89BD-4b04-88EB-625FBE52EBFB}</UniqueIdentifier>
      <Extensions>h;hpp;hxx;hm;inl;inc;xsd</Extensions>
    </Filter>
    <Filter Include="Resource Files">
      <UniqueIdentifier>{67DA6AB6-F800-4c08-8B7A-83BB121AAD01}</UniqueIdentifier>
      <Extensions>rc;ico;cur;bmp;dlg;rc2;rct;bin;rgs;gif;jpg;jpeg;jpe;resx;tiff;tif;png;wav;mfcribbon-ms</Extensions>
    </Filter>
  </ItemGroup>
  <ItemGroup>
    <None Include="ReadMe.txt" />
    <None Include="res\FrameClient.rc2">
      <Filter>Resource Files</Filter>
    </None>
    <None Include="res\FrameClient.ico">
      <Filter>Resource Files</Filter>
    </None>
    <None Include="ThostTraderApi\thostmduserapi.dll" />
    <None Include="..\MyLib\Remoting.dll" />
    <None Include="..\MyLib\TradingLab.dll" />
    <None Include="..\MyLib\WinRemoteClient_Alpha.dll" />
    <None Include="Doc\QRC_ProductInfoFile.jpg">
      <Filter>Resource Files</Filter>
    </None>
    <None Include="ClassDiagram1.cd" />
    <None Include="ClassDiagram2.cd" />
    <None Include="thosttraderapi.dll" />
  </ItemGroup>
  <ItemGroup>
    <ClInclude Include="FrameClient.h">
      <Filter>Header Files</Filter>
    </ClInclude>
    <ClInclude Include="FrameClientDlg.h">
      <Filter>Header Files</Filter>
    </ClInclude>
    <ClInclude Include="stdafx.h">
      <Filter>Header Files</Filter>
    </ClInclude>
    <ClInclude Include="targetver.h">
      <Filter>Header Files</Filter>
    </ClInclude>
    <ClInclude Include="Resource.h">
      <Filter>Header Files</Filter>
    </ClInclude>
    <ClInclude Include="AccountManage.h">
      <Filter>Header Files</Filter>
    </ClInclude>
    <ClInclude Include="AlgoTSEng.h">
      <Filter>Header Files</Filter>
    </ClInclude>
    <ClInclude Include="ComputeIndexUnit.h">
      <Filter>Header Files</Filter>
    </ClInclude>
    <ClInclude Include="DealOrdersLocal.h">
      <Filter>Header Files</Filter>
    </ClInclude>
    <ClInclude Include="DealSendedOrderUnit.h">
      <Filter>Header Files</Filter>
    </ClInclude>
    <ClInclude Include="FlowManage.h">
      <Filter>Header Files</Filter>
    </ClInclude>
    <ClInclude Include="FlowUnits.h">
      <Filter>Header Files</Filter>
    </ClInclude>
    <ClInclude Include="GlobalDataManage.h">
      <Filter>Header Files</Filter>
    </ClInclude>
    <ClInclude Include="HeartBeatMsg.h">
      <Filter>Header Files</Filter>
    </ClInclude>
    <ClInclude Include="Lock.h">
      <Filter>Header Files</Filter>
    </ClInclude>
    <ClInclude Include="Message.h">
      <Filter>Header Files</Filter>
    </ClInclude>
    <ClInclude Include="ReqIndexMsg.h">
      <Filter>Header Files</Filter>
    </ClInclude>
    <ClInclude Include="ReqLoginMsg.h">
      <Filter>Header Files</Filter>
    </ClInclude>
    <ClInclude Include="ReqLogoutMsg.h">
      <Filter>Header Files</Filter>
    </ClInclude>
    <ClInclude Include="ReqMdMsg.h">
      <Filter>Header Files</Filter>
    </ClInclude>
    <ClInclude Include="RspIndexMsg.h">
      <Filter>Header Files</Filter>
    </ClInclude>
    <ClInclude Include="RspLoginMsg.h">
      <Filter>Header Files</Filter>
    </ClInclude>
    <ClInclude Include="RspMdMsg.h">
      <Filter>Header Files</Filter>
    </ClInclude>
    <ClInclude Include="SendOrder.h">
      <Filter>Header Files</Filter>
    </ClInclude>
    <ClInclude Include="SendToLocal.h">
      <Filter>Header Files</Filter>
    </ClInclude>
    <ClInclude Include="SocketDama.h">
      <Filter>Header Files</Filter>
    </ClInclude>
    <ClInclude Include="StrategyUnit.h">
      <Filter>Header Files</Filter>
    </ClInclude>
    <ClInclude Include="Contract.h">
      <Filter>Header Files</Filter>
    </ClInclude>
    <ClInclude Include="ContractsManage.h">
      <Filter>Header Files</Filter>
    </ClInclude>
    <ClInclude Include="Order.h">
      <Filter>Header Files</Filter>
    </ClInclude>
    <ClInclude Include="OrdersManage.h">
      <Filter>Header Files</Filter>
    </ClInclude>
    <ClInclude Include="Position.h">
      <Filter>Header Files</Filter>
    </ClInclude>
    <ClInclude Include="PositionManage.h">
      <Filter>Header Files</Filter>
    </ClInclude>
    <ClInclude Include="Security.h">
      <Filter>Header Files</Filter>
    </ClInclude>
    <ClInclude Include="TickData.h">
      <Filter>Header Files</Filter>
    </ClInclude>
    <ClInclude Include="IndexManage.h">
      <Filter>Header Files</Filter>
    </ClInclude>
    <ClInclude Include="IndexUnit.h">
      <Filter>Header Files</Filter>
    </ClInclude>
    <ClInclude Include="IndexDetailUnit.h">
      <Filter>Header Files</Filter>
    </ClInclude>
    <ClInclude Include="MarketdataManage.h">
      <Filter>Header Files</Filter>
    </ClInclude>
    <ClInclude Include="KeepRecord.h">
      <Filter>Header Files</Filter>
    </ClInclude>
    <ClInclude Include="MsgType.h">
      <Filter>Header Files</Filter>
    </ClInclude>
    <ClInclude Include="readContracts.h">
      <Filter>Header Files</Filter>
    </ClInclude>
    <ClInclude Include="readIni.h">
      <Filter>Header Files</Filter>
    </ClInclude>
    <ClInclude Include="readMe.h">
      <Filter>Header Files</Filter>
    </ClInclude>
    <ClInclude Include="rwArgsFile.h">
      <Filter>Header Files</Filter>
    </ClInclude>
    <ClInclude Include="rwIndexFile.h">
      <Filter>Header Files</Filter>
    </ClInclude>
    <ClInclude Include="StringUtil.h">
      <Filter>Header Files</Filter>
    </ClInclude>
    <ClInclude Include="UtilFun.h">
      <Filter>Header Files</Filter>
    </ClInclude>
    <ClInclude Include="ReqIndexUnit.h">
      <Filter>Header Files</Filter>
    </ClInclude>
    <ClInclude Include="ReqMdUnit.h">
      <Filter>Header Files</Filter>
    </ClInclude>
    <ClInclude Include="RequestStore.h">
      <Filter>Header Files</Filter>
    </ClInclude>
    <ClInclude Include="toolsClass.h">
      <Filter>Header Files</Filter>
    </ClInclude>
    <ClInclude Include="CloseIndexUnit.h">
      <Filter>Header Files</Filter>
    </ClInclude>
    <ClInclude Include="IndexValue.h">
      <Filter>Header Files</Filter>
    </ClInclude>
    <ClInclude Include="HighIndexUnit.h">
      <Filter>Header Files</Filter>
    </ClInclude>
    <ClInclude Include="LowIndexUnit.h">
      <Filter>Header Files</Filter>
    </ClInclude>
    <ClInclude Include="OpenIndexUnit.h">
      <Filter>Header Files</Filter>
    </ClInclude>
    <ClInclude Include="CTPClass.h">
      <Filter>Header Files</Filter>
    </ClInclude>
    <ClInclude Include="TradeApplication.h">
      <Filter>Header Files</Filter>
    </ClInclude>
    <ClInclude Include="MarketApplication.h">
      <Filter>Header Files</Filter>
    </ClInclude>
    <ClInclude Include="ExecReport.h">
      <Filter>Header Files</Filter>
    </ClInclude>
    <ClInclude Include="ComputeIndex.h">
      <Filter>Header Files</Filter>
    </ClInclude>
    <ClInclude Include="MdSpi.h">
      <Filter>Header Files</Filter>
    </ClInclude>
    <ClInclude Include="TraderSpi.h">
      <Filter>Header Files</Filter>
    </ClInclude>
    <ClInclude Include="readProperty.h">
      <Filter>Header Files</Filter>
    </ClInclude>
    <ClInclude Include="QRCadapter.h">
      <Filter>Header Files</Filter>
    </ClInclude>
    <ClInclude Include="IndexValueBase.h">
      <Filter>Header Files</Filter>
    </ClInclude>
    <ClInclude Include="BarValue.h">
      <Filter>Header Files</Filter>
    </ClInclude>
    <ClInclude Include="Bar.h">
      <Filter>Header Files</Filter>
    </ClInclude>
    <ClInclude Include="DoubleIndexValue.h">
      <Filter>Header Files</Filter>
    </ClInclude>
    <ClInclude Include="AlgoManager.h">
      <Filter>Header Files</Filter>
    </ClInclude>
    <ClInclude Include="mLog.h">
      <Filter>Header Files</Filter>
    </ClInclude>
    <ClInclude Include="readInstanceCfg.h">
      <Filter>Header Files</Filter>
    </ClInclude>
    <ClInclude Include="contractDetail.h">
      <Filter>Header Files</Filter>
    </ClInclude>
    <ClInclude Include="ESproductInfo.h">
      <Filter>Header Files</Filter>
    </ClInclude>
    <ClInclude Include="ATR.h">
      <Filter>Header Files</Filter>
    </ClInclude>
    <ClInclude Include="MACD.h">
      <Filter>Header Files</Filter>
    </ClInclude>
    <ClInclude Include="BarDaily.h">
      <Filter>Header Files</Filter>
    </ClInclude>
    <ClInclude Include="MAUnit.h">
      <Filter>Header Files</Filter>
    </ClInclude>
    <ClInclude Include="TestStrategy.h">
      <Filter>Header Files</Filter>
    </ClInclude>
    <ClInclude Include="TestStrategyShort.h">
      <Filter>Header Files</Filter>
    </ClInclude>
  </ItemGroup>
  <ItemGroup>
    <ClCompile Include="FrameClient.cpp">
      <Filter>Source Files</Filter>
    </ClCompile>
    <ClCompile Include="FrameClientDlg.cpp">
      <Filter>Source Files</Filter>
    </ClCompile>
    <ClCompile Include="stdafx.cpp">
      <Filter>Source Files</Filter>
    </ClCompile>
    <ClCompile Include="AccountManage.cpp">
      <Filter>Source Files</Filter>
    </ClCompile>
    <ClCompile Include="Lock.cpp">
      <Filter>Source Files</Filter>
    </ClCompile>
    <ClCompile Include="Contract.cpp">
      <Filter>Source Files</Filter>
    </ClCompile>
    <ClCompile Include="ContractsManage.cpp">
      <Filter>Source Files</Filter>
    </ClCompile>
    <ClCompile Include="Order.cpp">
      <Filter>Source Files</Filter>
    </ClCompile>
    <ClCompile Include="OrdersManage.cpp">
      <Filter>Source Files</Filter>
    </ClCompile>
    <ClCompile Include="Position.cpp">
      <Filter>Source Files</Filter>
    </ClCompile>
    <ClCompile Include="PositionManage.cpp">
      <Filter>Source Files</Filter>
    </ClCompile>
    <ClCompile Include="Security.cpp">
      <Filter>Source Files</Filter>
    </ClCompile>
    <ClCompile Include="TickData.cpp">
      <Filter>Source Files</Filter>
    </ClCompile>
    <ClCompile Include="IndexManage.cpp">
      <Filter>Source Files</Filter>
    </ClCompile>
    <ClCompile Include="IndexUnit.cpp">
      <Filter>Source Files</Filter>
    </ClCompile>
    <ClCompile Include="IndexDetailUnit.cpp">
      <Filter>Source Files</Filter>
    </ClCompile>
    <ClCompile Include="MarketdataManage.cpp">
      <Filter>Source Files</Filter>
    </ClCompile>
    <ClCompile Include="KeepRecord.cpp">
      <Filter>Source Files</Filter>
    </ClCompile>
    <ClCompile Include="SendToLocal.cpp">
      <Filter>Source Files</Filter>
    </ClCompile>
    <ClCompile Include="DealOrdersLocal.cpp">
      <Filter>Source Files</Filter>
    </ClCompile>
    <ClCompile Include="AlgoTSEng.cpp">
      <Filter>Source Files</Filter>
    </ClCompile>
    <ClCompile Include="SocketDama.cpp">
      <Filter>Source Files</Filter>
    </ClCompile>
    <ClCompile Include="toolsClass.cpp">
      <Filter>Source Files</Filter>
    </ClCompile>
    <ClCompile Include="GlobalDataManage.cpp">
      <Filter>Source Files</Filter>
    </ClCompile>
    <ClCompile Include="CloseIndexUnit.cpp">
      <Filter>Source Files</Filter>
    </ClCompile>
    <ClCompile Include="IndexValue.cpp">
      <Filter>Source Files</Filter>
    </ClCompile>
    <ClCompile Include="HighIndexUnit.cpp">
      <Filter>Source Files</Filter>
    </ClCompile>
    <ClCompile Include="LowIndexUnit.cpp">
      <Filter>Source Files</Filter>
    </ClCompile>
    <ClCompile Include="OpenIndexUnit.cpp">
      <Filter>Source Files</Filter>
    </ClCompile>
    <ClCompile Include="CTPClass.cpp">
      <Filter>Source Files</Filter>
    </ClCompile>
    <ClCompile Include="TradeApplication.cpp">
      <Filter>Source Files</Filter>
    </ClCompile>
    <ClCompile Include="MarketApplication.cpp">
      <Filter>Source Files</Filter>
    </ClCompile>
    <ClCompile Include="ExecReport.cpp">
      <Filter>Source Files</Filter>
    </ClCompile>
    <ClCompile Include="ComputeIndexUnit.cpp">
      <Filter>Source Files</Filter>
    </ClCompile>
    <ClCompile Include="ComputeIndex.cpp">
      <Filter>Source Files</Filter>
    </ClCompile>
    <ClCompile Include="TraderSpi.cpp">
      <Filter>Source Files</Filter>
    </ClCompile>
    <ClCompile Include="MdSpi.cpp">
      <Filter>Source Files</Filter>
    </ClCompile>
    <ClCompile Include="readProperty.cpp">
      <Filter>Source Files</Filter>
    </ClCompile>
    <ClCompile Include="IndexValueBase.cpp">
      <Filter>Source Files</Filter>
    </ClCompile>
    <ClCompile Include="BarValue.cpp">
      <Filter>Source Files</Filter>
    </ClCompile>
    <ClCompile Include="DoubleIndexValue.cpp">
      <Filter>Source Files</Filter>
    </ClCompile>
    <ClCompile Include="Bar.cpp">
      <Filter>Source Files</Filter>
    </ClCompile>
    <ClCompile Include="AlgoManager.cpp">
      <Filter>Source Files</Filter>
    </ClCompile>
    <ClCompile Include="contractDetail.cpp">
      <Filter>Source Files</Filter>
    </ClCompile>
    <ClCompile Include="ESproductInfo.cpp">
      <Filter>Source Files</Filter>
    </ClCompile>
    <ClCompile Include="ATR.cpp">
      <Filter>Source Files</Filter>
    </ClCompile>
    <ClCompile Include="BarDaily.cpp">
      <Filter>Source Files</Filter>
    </ClCompile>
    <ClCompile Include="MACD.cpp">
      <Filter>Source Files</Filter>
    </ClCompile>
    <ClCompile Include="MAUnit.cpp">
      <Filter>Source Files</Filter>
    </ClCompile>
    <ClCompile Include="TestStrategy.cpp">
      <Filter>Source Files</Filter>
    </ClCompile>
    <ClCompile Include="TestStrategyShort.cpp">
      <Filter>Source Files</Filter>
    </ClCompile>
  </ItemGroup>
  <ItemGroup>
    <ResourceCompile Include="FrameClient.rc">
      <Filter>Resource Files</Filter>
    </ResourceCompile>
  </ItemGroup>
  <ItemGroup>
    <Library Include="ThostTraderApi\thosttraderapi.lib" />
    <Library Include="ThostTraderApi\thostmduserapi.lib" />
  </ItemGroup>
</Project>